
Microsoft Visual Studio Solution File, Format Version 12.00
Project("{FAE04EC0-301F-11D3-BF4B-00C04F79EFBC}") = "RestAPI", "RestAPI\RestAPI.csproj", "{D8A66FC6-C108-4F72-B0D2-25A2954666D4}"
EndProject
Project("{FAE04EC0-301F-11D3-BF4B-00C04F79EFBC}") = "Repository", "Repository\Repository.csproj", "{9C538BC1-AA2E-4CEC-A8F1-07CBF73DBDAC}"
EndProject
Project("{FAE04EC0-301F-11D3-BF4B-00C04F79EFBC}") = "Model", "Model\Model.csproj", "{9C6F29C1-7689-4DD5-B7FF-694779CE1252}"
EndProject
Project("{FAE04EC0-301F-11D3-BF4B-00C04F79EFBC}") = "WebSocket", "WebSocket\WebSocket.csproj", "{99017E06-AD96-4304-9B8C-D881739DF95C}"
EndProject
Project("{FAE04EC0-301F-11D3-BF4B-00C04F79EFBC}") = "ConsoleApp1", "ConsoleApp1\ConsoleApp1.csproj", "{F110DE47-5626-4B61-8961-7CB6B2E0C0C6}"
EndProject
Project("{FAE04EC0-301F-11D3-BF4B-00C04F79EFBC}") = "RestDAOs", "RestDAOs\RestDAOs.csproj", "{DAFE4E10-5832-4BE6-886C-2300D7A9AFDF}"
EndProject
Project("{FAE04EC0-301F-11D3-BF4B-00C04F79EFBC}") = "WSDAOs", "WSDAOs\WSDAOs.csproj", "{7DC5E706-B25F-4A95-9AE1-54F7411129E0}"
EndProject
Global
	GlobalSection(SolutionConfigurationPlatforms) = preSolution
		Debug|Any CPU = Debug|Any CPU
		Release|Any CPU = Release|Any CPU
	EndGlobalSection
	GlobalSection(ProjectConfigurationPlatforms) = postSolution
		{D8A66FC6-C108-4F72-B0D2-25A2954666D4}.Debug|Any CPU.ActiveCfg = Debug|Any CPU
		{D8A66FC6-C108-4F72-B0D2-25A2954666D4}.Debug|Any CPU.Build.0 = Debug|Any CPU
		{D8A66FC6-C108-4F72-B0D2-25A2954666D4}.Release|Any CPU.ActiveCfg = Release|Any CPU
		{D8A66FC6-C108-4F72-B0D2-25A2954666D4}.Release|Any CPU.Build.0 = Release|Any CPU
		{9C538BC1-AA2E-4CEC-A8F1-07CBF73DBDAC}.Debug|Any CPU.ActiveCfg = Debug|Any CPU
		{9C538BC1-AA2E-4CEC-A8F1-07CBF73DBDAC}.Debug|Any CPU.Build.0 = Debug|Any CPU
		{9C538BC1-AA2E-4CEC-A8F1-07CBF73DBDAC}.Release|Any CPU.ActiveCfg = Release|Any CPU
		{9C538BC1-AA2E-4CEC-A8F1-07CBF73DBDAC}.Release|Any CPU.Build.0 = Release|Any CPU
		{9C6F29C1-7689-4DD5-B7FF-694779CE1252}.Debug|Any CPU.ActiveCfg = Debug|Any CPU
		{9C6F29C1-7689-4DD5-B7FF-694779CE1252}.Debug|Any CPU.Build.0 = Debug|Any CPU
		{9C6F29C1-7689-4DD5-B7FF-694779CE1252}.Release|Any CPU.ActiveCfg = Release|Any CPU
		{9C6F29C1-7689-4DD5-B7FF-694779CE1252}.Release|Any CPU.Build.0 = Release|Any CPU
		{99017E06-AD96-4304-9B8C-D881739DF95C}.Debug|Any CPU.ActiveCfg = Debug|Any CPU
		{99017E06-AD96-4304-9B8C-D881739DF95C}.Debug|Any CPU.Build.0 = Debug|Any CPU
		{99017E06-AD96-4304-9B8C-D881739DF95C}.Release|Any CPU.ActiveCfg = Release|Any CPU
		{99017E06-AD96-4304-9B8C-D881739DF95C}.Release|Any CPU.Build.0 = Release|Any CPU
		{F110DE47-5626-4B61-8961-7CB6B2E0C0C6}.Debug|Any CPU.ActiveCfg = Debug|Any CPU
		{F110DE47-5626-4B61-8961-7CB6B2E0C0C6}.Debug|Any CPU.Build.0 = Debug|Any CPU
		{F110DE47-5626-4B61-8961-7CB6B2E0C0C6}.Release|Any CPU.ActiveCfg = Release|Any CPU
		{F110DE47-5626-4B61-8961-7CB6B2E0C0C6}.Release|Any CPU.Build.0 = Release|Any CPU
		{DAFE4E10-5832-4BE6-886C-2300D7A9AFDF}.Debug|Any CPU.ActiveCfg = Debug|Any CPU
		{DAFE4E10-5832-4BE6-886C-2300D7A9AFDF}.Debug|Any CPU.Build.0 = Debug|Any CPU
		{DAFE4E10-5832-4BE6-886C-2300D7A9AFDF}.Release|Any CPU.ActiveCfg = Release|Any CPU
		{DAFE4E10-5832-4BE6-886C-2300D7A9AFDF}.Release|Any CPU.Build.0 = Release|Any CPU
		{7DC5E706-B25F-4A95-9AE1-54F7411129E0}.Debug|Any CPU.ActiveCfg = Debug|Any CPU
		{7DC5E706-B25F-4A95-9AE1-54F7411129E0}.Debug|Any CPU.Build.0 = Debug|Any CPU
		{7DC5E706-B25F-4A95-9AE1-54F7411129E0}.Release|Any CPU.ActiveCfg = Release|Any CPU
		{7DC5E706-B25F-4A95-9AE1-54F7411129E0}.Release|Any CPU.Build.0 = Release|Any CPU
	EndGlobalSection
EndGlobal
